
Microsoft Visual Studio Solution File, Format Version 12.00
# Visual Studio 14
VisualStudioVersion = 14.0.25420.1
MinimumVisualStudioVersion = 10.0.40219.1
Project("{2150E333-8FDC-42A3-9474-1A3956D46DE8}") = "src", "src", "{7ED72CF6-B31B-4C37-8A0B-D6790B228639}"
EndProject
Project("{2150E333-8FDC-42A3-9474-1A3956D46DE8}") = "Solution Items", "Solution Items", "{D7612323-7066-400B-AAD2-086CDAABF13D}"
	ProjectSection(SolutionItems) = preProject
		global.json = global.json
	EndProjectSection
EndProject
Project("{8BB2217D-0F2D-49D1-97BC-3654ED321F3B}") = "GameEngine", "src\GameEngine\GameEngine.xproj", "{4F9757BF-4A76-4312-84D8-94B40E49648A}"
EndProject
Project("{8BB2217D-0F2D-49D1-97BC-3654ED321F3B}") = "GameModels", "src\GameModels\GameModels.xproj", "{248D398C-D223-4A9A-82C8-F61A733E79ED}"
EndProject
Project("{8BB2217D-0F2D-49D1-97BC-3654ED321F3B}") = "Samples", "src\Samples\Samples.xproj", "{5CB009B2-C0F1-4749-99BD-C80CD9FADBE5}"
EndProject
Project("{2150E333-8FDC-42A3-9474-1A3956D46DE8}") = "test", "test", "{7AAE2EC4-DE7F-4808-9A68-6A653E0F93F0}"
EndProject
Project("{FAE04EC0-301F-11D3-BF4B-00C04F79EFBC}") = "GameEngine.Tests", "test\GameEngine.Tests\GameEngine.Tests.csproj", "{FF2845C5-D2C7-4A6A-AC7E-7E4815614E84}"
EndProject
Project("{8BB2217D-0F2D-49D1-97BC-3654ED321F3B}") = "GameEngine.Harness", "src\GameEngine.Harness\GameEngine.Harness.xproj", "{6AE78EB8-8259-43DA-8D38-A73E193A8380}"
EndProject
Global
	GlobalSection(SolutionConfigurationPlatforms) = preSolution
		Debug|Any CPU = Debug|Any CPU
		Release|Any CPU = Release|Any CPU
	EndGlobalSection
	GlobalSection(ProjectConfigurationPlatforms) = postSolution
		{4F9757BF-4A76-4312-84D8-94B40E49648A}.Debug|Any CPU.ActiveCfg = Debug|Any CPU
		{4F9757BF-4A76-4312-84D8-94B40E49648A}.Debug|Any CPU.Build.0 = Debug|Any CPU
		{4F9757BF-4A76-4312-84D8-94B40E49648A}.Release|Any CPU.ActiveCfg = Release|Any CPU
		{4F9757BF-4A76-4312-84D8-94B40E49648A}.Release|Any CPU.Build.0 = Release|Any CPU
		{248D398C-D223-4A9A-82C8-F61A733E79ED}.Debug|Any CPU.ActiveCfg = Debug|Any CPU
		{248D398C-D223-4A9A-82C8-F61A733E79ED}.Debug|Any CPU.Build.0 = Debug|Any CPU
		{248D398C-D223-4A9A-82C8-F61A733E79ED}.Release|Any CPU.ActiveCfg = Release|Any CPU
		{248D398C-D223-4A9A-82C8-F61A733E79ED}.Release|Any CPU.Build.0 = Release|Any CPU
		{5CB009B2-C0F1-4749-99BD-C80CD9FADBE5}.Debug|Any CPU.ActiveCfg = Debug|Any CPU
		{5CB009B2-C0F1-4749-99BD-C80CD9FADBE5}.Debug|Any CPU.Build.0 = Debug|Any CPU
		{5CB009B2-C0F1-4749-99BD-C80CD9FADBE5}.Release|Any CPU.ActiveCfg = Release|Any CPU
		{5CB009B2-C0F1-4749-99BD-C80CD9FADBE5}.Release|Any CPU.Build.0 = Release|Any CPU
		{FF2845C5-D2C7-4A6A-AC7E-7E4815614E84}.Debug|Any CPU.ActiveCfg = Debug|Any CPU
		{FF2845C5-D2C7-4A6A-AC7E-7E4815614E84}.Debug|Any CPU.Build.0 = Debug|Any CPU
		{FF2845C5-D2C7-4A6A-AC7E-7E4815614E84}.Release|Any CPU.ActiveCfg = Release|Any CPU
		{FF2845C5-D2C7-4A6A-AC7E-7E4815614E84}.Release|Any CPU.Build.0 = Release|Any CPU
		{6AE78EB8-8259-43DA-8D38-A73E193A8380}.Debug|Any CPU.ActiveCfg = Debug|Any CPU
		{6AE78EB8-8259-43DA-8D38-A73E193A8380}.Debug|Any CPU.Build.0 = Debug|Any CPU
		{6AE78EB8-8259-43DA-8D38-A73E193A8380}.Release|Any CPU.ActiveCfg = Release|Any CPU
		{6AE78EB8-8259-43DA-8D38-A73E193A8380}.Release|Any CPU.Build.0 = Release|Any CPU
	EndGlobalSection
	GlobalSection(SolutionProperties) = preSolution
		HideSolutionNode = FALSE
	EndGlobalSection
	GlobalSection(NestedProjects) = preSolution
		{4F9757BF-4A76-4312-84D8-94B40E49648A} = {7ED72CF6-B31B-4C37-8A0B-D6790B228639}
		{248D398C-D223-4A9A-82C8-F61A733E79ED} = {7ED72CF6-B31B-4C37-8A0B-D6790B228639}
		{5CB009B2-C0F1-4749-99BD-C80CD9FADBE5} = {7ED72CF6-B31B-4C37-8A0B-D6790B228639}
		{FF2845C5-D2C7-4A6A-AC7E-7E4815614E84} = {7AAE2EC4-DE7F-4808-9A68-6A653E0F93F0}
		{6AE78EB8-8259-43DA-8D38-A73E193A8380} = {7ED72CF6-B31B-4C37-8A0B-D6790B228639}
	EndGlobalSection
EndGlobal
